<?xml version="1.0" encoding="utf-8"?>
<Project ToolsVersion="4.0" xmlns="http://schemas.microsoft.com/developer/msbuild/2003">
  <ItemGroup>
    <Filter Include="Source Files">
      <UniqueIdentifier>{4FC737F1-C7A5-4376-A066-2A32D752A2FF}</UniqueIdentifier>
      <Extensions>cpp;c;cc;cxx;def;odl;idl;hpj;bat;asm;asmx</Extensions>
    </Filter>
    <Filter Include="Header Files">
      <UniqueIdentifier>{93995380-89BD-4b04-88EB-625FBE52EBFB}</UniqueIdentifier>
      <Extensions>h;hh;hpp;hxx;hm;inl;inc;ipp;xsd</Extensions>
    </Filter>
    <Filter Include="Resource Files">
      <UniqueIdentifier>{67DA6AB6-F800-4c08-8B7A-83BB121AAD01}</UniqueIdentifier>
      <Extensions>rc;ico;cur;bmp;dlg;rc2;rct;bin;rgs;gif;jpg;jpeg;jpe;resx;tiff;tif;png;wav;mfcribbon-ms</Extensions>
    </Filter>
    <Filter Include="Header Files\UI">
      <UniqueIdentifier>{d77e815a-3a6f-4c20-a63c-93068c08466b}</UniqueIdentifier>
    </Filter>
    <Filter Include="Source Files\UI">
      <UniqueIdentifier>{c9f743e6-4ea4-42cb-a12e-09487e8ee218}</UniqueIdentifier>
    </Filter>
    <Filter Include="Header Files\Screens">
      <UniqueIdentifier>{f800a6bd-8465-4620-9b76-660037801cd1}</UniqueIdentifier>
    </Filter>
    <Filter Include="Source Files\Screens">
      <UniqueIdentifier>{ddbe7fea-3742-4c64-a288-9fa4020dff12}</UniqueIdentifier>
    </Filter>
    <Filter Include="Header Files\RW">
      <UniqueIdentifier>{1f31bf88-1c10-4b61-8e58-e3535b540333}</UniqueIdentifier>
    </Filter>
    <Filter Include="Source Files\RW">
      <UniqueIdentifier>{9e7109c8-76fb-420b-916c-1901a8cd779b}</UniqueIdentifier>
    </Filter>
    <Filter Include="Header Files\Others">
      <UniqueIdentifier>{7aee32a7-03cd-4d75-960e-30b3f8bc9766}</UniqueIdentifier>
    </Filter>
    <Filter Include="Source Files\Others">
      <UniqueIdentifier>{5ef783bf-595d-44e1-a7e6-67b21c72eb02}</UniqueIdentifier>
    </Filter>
  </ItemGroup>
  <ItemGroup>
    <None Include="settings.json" />
    <None Include="environment.json" />
  </ItemGroup>
  <ItemGroup>
    <ClInclude Include="resource.h">
      <Filter>Header Files</Filter>
    </ClInclude>
    <ClInclude Include="includes\Menu.h">
      <Filter>Header Files</Filter>
    </ClInclude>
    <ClInclude Include="includes\UI\Button.h">
      <Filter>Header Files\UI</Filter>
    </ClInclude>
    <ClInclude Include="includes\UI\Cursor.h">
      <Filter>Header Files\UI</Filter>
    </ClInclude>
    <ClInclude Include="includes\UI\Dropdown.h">
      <Filter>Header Files\UI</Filter>
    </ClInclude>
    <ClInclude Include="includes\UI\MapSelector.h">
      <Filter>Header Files\UI</Filter>
    </ClInclude>
    <ClInclude Include="includes\UI\Slider.h">
      <Filter>Header Files\UI</Filter>
    </ClInclude>
    <ClInclude Include="includes\UI\Switch.h">
      <Filter>Header Files\UI</Filter>
    </ClInclude>
    <ClInclude Include="includes\UI\TextHolder.h">
      <Filter>Header Files\UI</Filter>
    </ClInclude>
    <ClInclude Include="includes\Screens\MainMenu.h">
      <Filter>Header Files\Screens</Filter>
    </ClInclude>
    <ClInclude Include="includes\Screens\Multiplayer.h">
      <Filter>Header Files\Screens</Filter>
    </ClInclude>
    <ClInclude Include="includes\Screens\Options.h">
      <Filter>Header Files\Screens</Filter>
    </ClInclude>
    <ClInclude Include="includes\Screens\Popup.h">
      <Filter>Header Files\Screens</Filter>
    </ClInclude>
    <ClInclude Include="includes\Screens\Singleplayer.h">
      <Filter>Header Files\Screens</Filter>
    </ClInclude>
    <ClInclude Include="includes\RW\Environment.h">
      <Filter>Header Files\RW</Filter>
    </ClInclude>
    <ClInclude Include="includes\RW\Loading.h">
      <Filter>Header Files\RW</Filter>
    </ClInclude>
    <ClInclude Include="includes\RW\MapReader.h">
      <Filter>Header Files\RW</Filter>
    </ClInclude>
    <ClInclude Include="includes\RW\Settings.h">
      <Filter>Header Files\RW</Filter>
    </ClInclude>
    <ClInclude Include="includes\Others\Gears.h">
      <Filter>Header Files\Others</Filter>
    </ClInclude>
    <ClInclude Include="includes\Others\Players.h">
      <Filter>Header Files\Others</Filter>
    </ClInclude>
  </ItemGroup>
  <ItemGroup>
    <ResourceCompile Include="Warcraft II.rc">
      <Filter>Resource Files</Filter>
    </ResourceCompile>
  </ItemGroup>
  <ItemGroup>
    <Image Include="icon.ico">
      <Filter>Resource Files</Filter>
    </Image>
  </ItemGroup>
  <ItemGroup>
    <ClCompile Include="main.cpp">
      <Filter>Source Files</Filter>
    </ClCompile>
    <ClCompile Include="includes\Menu.cpp">
      <Filter>Source Files</Filter>
    </ClCompile>
    <ClCompile Include="includes\UI\Cursor.cpp">
      <Filter>Source Files\UI</Filter>
    </ClCompile>
    <ClCompile Include="includes\UI\Button.cpp">
      <Filter>Source Files\UI</Filter>
    </ClCompile>
    <ClCompile Include="includes\UI\Dropdown.cpp">
      <Filter>Source Files\UI</Filter>
    </ClCompile>
    <ClCompile Include="includes\UI\MapSelector.cpp">
      <Filter>Source Files\UI</Filter>
    </ClCompile>
    <ClCompile Include="includes\UI\Slider.cpp">
      <Filter>Source Files\UI</Filter>
    </ClCompile>
    <ClCompile Include="includes\UI\Switch.cpp">
      <Filter>Source Files\UI</Filter>
    </ClCompile>
    <ClCompile Include="includes\UI\TextHolder.cpp">
      <Filter>Source Files\UI</Filter>
    </ClCompile>
    <ClCompile Include="includes\Screens\Singleplayer.cpp">
      <Filter>Source Files\Screens</Filter>
    </ClCompile>
    <ClCompile Include="includes\Screens\Popup.cpp">
      <Filter>Source Files\Screens</Filter>
    </ClCompile>
    <ClCompile Include="includes\Screens\Multiplayer.cpp">
      <Filter>Source Files\Screens</Filter>
    </ClCompile>
    <ClCompile Include="includes\Screens\Options.cpp">
      <Filter>Source Files\Screens</Filter>
    </ClCompile>
    <ClCompile Include="includes\Screens\MainMenu.cpp">
      <Filter>Source Files\Screens</Filter>
    </ClCompile>
    <ClCompile Include="includes\RW\Loading.cpp">
      <Filter>Source Files\RW</Filter>
    </ClCompile>
    <ClCompile Include="includes\RW\Environment.cpp">
      <Filter>Source Files\RW</Filter>
    </ClCompile>
    <ClCompile Include="includes\RW\MapReader.cpp">
      <Filter>Source Files\RW</Filter>
    </ClCompile>
    <ClCompile Include="includes\RW\Settings.cpp">
      <Filter>Source Files\RW</Filter>
    </ClCompile>
    <ClCompile Include="includes\Others\Gears.cpp">
      <Filter>Source Files\Others</Filter>
    </ClCompile>
    <ClCompile Include="includes\Others\Players.cpp">
      <Filter>Source Files\Others</Filter>
    </ClCompile>
  </ItemGroup>
</Project>