<?xml version="1.0" encoding="utf-8"?>
<Project ToolsVersion="4.0" xmlns="http://schemas.microsoft.com/developer/msbuild/2003">
  <ItemGroup>
    <Filter Include="Source Files">
      <UniqueIdentifier>{4FC737F1-C7A5-4376-A066-2A32D752A2FF}</UniqueIdentifier>
      <Extensions>cpp;c;cc;cxx;def;odl;idl;hpj;bat;asm;asmx</Extensions>
    </Filter>
    <Filter Include="Header Files">
      <UniqueIdentifier>{93995380-89BD-4b04-88EB-625FBE52EBFB}</UniqueIdentifier>
      <Extensions>h;hh;hpp;hxx;hm;inl;inc;ipp;xsd</Extensions>
    </Filter>
    <Filter Include="Resource Files">
      <UniqueIdentifier>{67DA6AB6-F800-4c08-8B7A-83BB121AAD01}</UniqueIdentifier>
      <Extensions>rc;ico;cur;bmp;dlg;rc2;rct;bin;rgs;gif;jpg;jpeg;jpe;resx;tiff;tif;png;wav;mfcribbon-ms</Extensions>
    </Filter>
    <Filter Include="Source Files\UI">
      <UniqueIdentifier>{5cf2d71c-ed39-448d-bf41-680989228709}</UniqueIdentifier>
    </Filter>
    <Filter Include="Header Files\UI">
      <UniqueIdentifier>{a868ece0-ed52-4467-a443-45957f3ce28e}</UniqueIdentifier>
    </Filter>
    <Filter Include="Source Files\Sections">
      <UniqueIdentifier>{b0880904-dc3c-4372-9493-9cc53463cc62}</UniqueIdentifier>
    </Filter>
    <Filter Include="Header Files\Sections">
      <UniqueIdentifier>{1ffebe8e-57cf-48e3-bd52-a08fe6d78821}</UniqueIdentifier>
    </Filter>
    <Filter Include="Header Files\RW">
      <UniqueIdentifier>{84584e48-772a-44c7-bf2a-1bd3f4134ae3}</UniqueIdentifier>
    </Filter>
    <Filter Include="Source Files\RW">
      <UniqueIdentifier>{1ea35b2f-51e3-4be5-9d00-efedc11e3dcd}</UniqueIdentifier>
    </Filter>
    <Filter Include="Header Files\Display">
      <UniqueIdentifier>{a004875f-123a-43b7-82f4-de95e7291f9e}</UniqueIdentifier>
    </Filter>
    <Filter Include="Source Files\Display">
      <UniqueIdentifier>{e65ba63f-45a3-457d-a0f2-3d220ff8d129}</UniqueIdentifier>
    </Filter>
  </ItemGroup>
  <ItemGroup>
    <ClCompile Include="main.cpp">
      <Filter>Source Files</Filter>
    </ClCompile>
    <ClCompile Include="includes\Program.cpp">
      <Filter>Source Files</Filter>
    </ClCompile>
    <ClCompile Include="includes\Window.cpp">
      <Filter>Source Files</Filter>
    </ClCompile>
    <ClCompile Include="includes\UI\Button.cpp">
      <Filter>Source Files\UI</Filter>
    </ClCompile>
    <ClCompile Include="includes\UI\Dropdown.cpp">
      <Filter>Source Files\UI</Filter>
    </ClCompile>
    <ClCompile Include="includes\UI\Cursor.cpp">
      <Filter>Source Files\UI</Filter>
    </ClCompile>
    <ClCompile Include="includes\UI\MapSelector.cpp">
      <Filter>Source Files\UI</Filter>
    </ClCompile>
    <ClCompile Include="includes\UI\Slider.cpp">
      <Filter>Source Files\UI</Filter>
    </ClCompile>
    <ClCompile Include="includes\UI\Switch.cpp">
      <Filter>Source Files\UI</Filter>
    </ClCompile>
    <ClCompile Include="includes\UI\TextHolder.cpp">
      <Filter>Source Files\UI</Filter>
    </ClCompile>
    <ClCompile Include="includes\Sections\MainView.cpp">
      <Filter>Source Files\Sections</Filter>
    </ClCompile>
    <ClCompile Include="includes\Sections\Toolbar.cpp">
      <Filter>Source Files\Sections</Filter>
    </ClCompile>
    <ClCompile Include="includes\Sections\Template.cpp">
      <Filter>Source Files\Sections</Filter>
    </ClCompile>
    <ClCompile Include="includes\RW\Environment.cpp">
      <Filter>Source Files\RW</Filter>
    </ClCompile>
    <ClCompile Include="includes\RW\Loading.cpp">
      <Filter>Source Files\RW</Filter>
    </ClCompile>
    <ClCompile Include="includes\RW\FileReader.cpp">
      <Filter>Source Files\RW</Filter>
    </ClCompile>
    <ClCompile Include="includes\RW\MapReader.cpp">
      <Filter>Source Files\RW</Filter>
    </ClCompile>
    <ClCompile Include="includes\RW\Paths.cpp">
      <Filter>Source Files\RW</Filter>
    </ClCompile>
    <ClCompile Include="includes\Display\Map.cpp">
      <Filter>Source Files\Display</Filter>
    </ClCompile>
  </ItemGroup>
  <ItemGroup>
    <ClInclude Include="resource.h">
      <Filter>Header Files</Filter>
    </ClInclude>
    <ClInclude Include="includes\Program.h">
      <Filter>Header Files</Filter>
    </ClInclude>
    <ClInclude Include="includes\Window.h">
      <Filter>Header Files</Filter>
    </ClInclude>
    <ClInclude Include="includes\UI\Button.h">
      <Filter>Header Files\UI</Filter>
    </ClInclude>
    <ClInclude Include="includes\UI\Cursor.h">
      <Filter>Header Files\UI</Filter>
    </ClInclude>
    <ClInclude Include="includes\UI\Dropdown.h">
      <Filter>Header Files\UI</Filter>
    </ClInclude>
    <ClInclude Include="includes\UI\MapSelector.h">
      <Filter>Header Files\UI</Filter>
    </ClInclude>
    <ClInclude Include="includes\UI\Slider.h">
      <Filter>Header Files\UI</Filter>
    </ClInclude>
    <ClInclude Include="includes\UI\Switch.h">
      <Filter>Header Files\UI</Filter>
    </ClInclude>
    <ClInclude Include="includes\UI\TextHolder.h">
      <Filter>Header Files\UI</Filter>
    </ClInclude>
    <ClInclude Include="includes\Sections\MainView.h">
      <Filter>Header Files\Sections</Filter>
    </ClInclude>
    <ClInclude Include="includes\Sections\Template.h">
      <Filter>Header Files\Sections</Filter>
    </ClInclude>
    <ClInclude Include="includes\Sections\Toolbar.h">
      <Filter>Header Files\Sections</Filter>
    </ClInclude>
    <ClInclude Include="includes\RW\MapReader.h">
      <Filter>Header Files\RW</Filter>
    </ClInclude>
    <ClInclude Include="includes\RW\Loading.h">
      <Filter>Header Files\RW</Filter>
    </ClInclude>
    <ClInclude Include="includes\RW\FileReader.h">
      <Filter>Header Files\RW</Filter>
    </ClInclude>
    <ClInclude Include="includes\RW\Environment.h">
      <Filter>Header Files\RW</Filter>
    </ClInclude>
    <ClInclude Include="includes\RW\Paths.h">
      <Filter>Header Files\RW</Filter>
    </ClInclude>
    <ClInclude Include="includes\Display\Map.h">
      <Filter>Header Files\Display</Filter>
    </ClInclude>
  </ItemGroup>
  <ItemGroup>
    <ResourceCompile Include="Half-an Engine.rc">
      <Filter>Resource Files</Filter>
    </ResourceCompile>
  </ItemGroup>
  <ItemGroup>
    <Image Include="icon.png">
      <Filter>Resource Files</Filter>
    </Image>
  </ItemGroup>
  <ItemGroup>
    <None Include="environment.json" />
  </ItemGroup>
</Project>