<?xml version="1.0" encoding="utf-8"?>
<Project ToolsVersion="4.0" xmlns="http://schemas.microsoft.com/developer/msbuild/2003">
  <ItemGroup>
    <Filter Include="Source Files">
      <UniqueIdentifier>{4FC737F1-C7A5-4376-A066-2A32D752A2FF}</UniqueIdentifier>
      <Extensions>cpp;c;cc;cxx;def;odl;idl;hpj;bat;asm;asmx</Extensions>
    </Filter>
    <Filter Include="Header Files">
      <UniqueIdentifier>{93995380-89BD-4b04-88EB-625FBE52EBFB}</UniqueIdentifier>
      <Extensions>h;hh;hpp;hxx;hm;inl;inc;ipp;xsd</Extensions>
    </Filter>
    <Filter Include="Resource Files">
      <UniqueIdentifier>{67DA6AB6-F800-4c08-8B7A-83BB121AAD01}</UniqueIdentifier>
      <Extensions>rc;ico;cur;bmp;dlg;rc2;rct;bin;rgs;gif;jpg;jpeg;jpe;resx;tiff;tif;png;wav;mfcribbon-ms</Extensions>
    </Filter>
    <Filter Include="Header Files\RW">
      <UniqueIdentifier>{e4daa431-8283-4c59-a751-f16b163e7780}</UniqueIdentifier>
    </Filter>
    <Filter Include="Source Files\RW">
      <UniqueIdentifier>{94332ba0-5319-4569-8177-1087e95a93ba}</UniqueIdentifier>
    </Filter>
    <Filter Include="Header Files\Screens">
      <UniqueIdentifier>{e5feb860-c912-4c45-91b8-68cb55ad2459}</UniqueIdentifier>
    </Filter>
    <Filter Include="Source Files\Screens">
      <UniqueIdentifier>{0ffa1203-2e86-47d6-8c76-9bca3cd55a96}</UniqueIdentifier>
    </Filter>
    <Filter Include="Source Files\UI">
      <UniqueIdentifier>{cfb9c54c-170d-4932-a071-badfbe6fa73c}</UniqueIdentifier>
    </Filter>
    <Filter Include="Header Files\UI">
      <UniqueIdentifier>{b8895dbd-f6de-4459-88f8-360d03356d63}</UniqueIdentifier>
    </Filter>
  </ItemGroup>
  <ItemGroup>
    <ClCompile Include="main.cpp">
      <Filter>Source Files</Filter>
    </ClCompile>
    <ClCompile Include="includes\RW\Environment.cpp">
      <Filter>Source Files\RW</Filter>
    </ClCompile>
    <ClCompile Include="includes\Menu.cpp">
      <Filter>Source Files</Filter>
    </ClCompile>
    <ClCompile Include="includes\RW\Loading.cpp">
      <Filter>Source Files\RW</Filter>
    </ClCompile>
    <ClCompile Include="includes\RW\Settings.cpp">
      <Filter>Source Files\RW</Filter>
    </ClCompile>
    <ClCompile Include="includes\Screens\MainMenu.cpp">
      <Filter>Source Files\Screens</Filter>
    </ClCompile>
    <ClCompile Include="includes\UI\Button.cpp">
      <Filter>Source Files\UI</Filter>
    </ClCompile>
    <ClCompile Include="includes\UI\Cursor.cpp">
      <Filter>Source Files</Filter>
    </ClCompile>
  </ItemGroup>
  <ItemGroup>
    <ClInclude Include="includes\RW\Environment.h">
      <Filter>Header Files\RW</Filter>
    </ClInclude>
    <ClInclude Include="includes\Menu.h">
      <Filter>Header Files</Filter>
    </ClInclude>
    <ClInclude Include="includes\RW\Loading.h">
      <Filter>Header Files\RW</Filter>
    </ClInclude>
    <ClInclude Include="includes\RW\Settings.h">
      <Filter>Header Files\RW</Filter>
    </ClInclude>
    <ClInclude Include="includes\Screens\MainMenu.h">
      <Filter>Header Files\Screens</Filter>
    </ClInclude>
    <ClInclude Include="includes\UI\Button.h">
      <Filter>Header Files\UI</Filter>
    </ClInclude>
    <ClInclude Include="includes\UI\Cursor.h">
      <Filter>Header Files</Filter>
    </ClInclude>
  </ItemGroup>
  <ItemGroup>
    <None Include="environment.json" />
    <None Include="settings.json" />
  </ItemGroup>
</Project>