<?xml version="1.0" encoding="utf-8"?>
<Project ToolsVersion="4.0" xmlns="http://schemas.microsoft.com/developer/msbuild/2003">
  <ItemGroup>
    <Filter Include="Source Files">
      <UniqueIdentifier>{4FC737F1-C7A5-4376-A066-2A32D752A2FF}</UniqueIdentifier>
      <Extensions>cpp;c;cc;cxx;def;odl;idl;hpj;bat;asm;asmx</Extensions>
    </Filter>
    <Filter Include="Header Files">
      <UniqueIdentifier>{93995380-89BD-4b04-88EB-625FBE52EBFB}</UniqueIdentifier>
      <Extensions>h;hh;hpp;hxx;hm;inl;inc;ipp;xsd</Extensions>
    </Filter>
    <Filter Include="Resource Files">
      <UniqueIdentifier>{67DA6AB6-F800-4c08-8B7A-83BB121AAD01}</UniqueIdentifier>
      <Extensions>rc;ico;cur;bmp;dlg;rc2;rct;bin;rgs;gif;jpg;jpeg;jpe;resx;tiff;tif;png;wav;mfcribbon-ms</Extensions>
    </Filter>
  </ItemGroup>
  <ItemGroup>
    <ClCompile Include="src\NGin\System\Console.cpp">
      <Filter>Source Files</Filter>
    </ClCompile>
    <ClCompile Include="src\NGin\System\Resources.cpp">
      <Filter>Source Files</Filter>
    </ClCompile>
    <ClCompile Include="src\NGin\System\Timer.cpp">
      <Filter>Source Files</Filter>
    </ClCompile>
    <ClCompile Include="src\NGin\Utilities\Align.cpp">
      <Filter>Source Files</Filter>
    </ClCompile>
    <ClCompile Include="src\NGin\Animation\AnimationFile.cpp">
      <Filter>Source Files</Filter>
    </ClCompile>
    <ClCompile Include="src\NGin\Animation\AnimationRect.cpp">
      <Filter>Source Files</Filter>
    </ClCompile>
    <ClCompile Include="src\NGin\Audio\Audio.cpp">
      <Filter>Source Files</Filter>
    </ClCompile>
    <ClCompile Include="src\NGin\UserInterface\Button.cpp">
      <Filter>Source Files</Filter>
    </ClCompile>
    <ClCompile Include="src\NGin\UserInterface\Cursor.cpp">
      <Filter>Source Files</Filter>
    </ClCompile>
    <ClCompile Include="src\NGin\UserInterface\Dropdown.cpp">
      <Filter>Source Files</Filter>
    </ClCompile>
    <ClCompile Include="src\NGin\UserInterface\InputText.cpp">
      <Filter>Source Files</Filter>
    </ClCompile>
    <ClCompile Include="src\NGin\UserInterface\Slider.cpp">
      <Filter>Source Files</Filter>
    </ClCompile>
    <ClCompile Include="src\NGin\UserInterface\Switcher.cpp">
      <Filter>Source Files</Filter>
    </ClCompile>
    <ClCompile Include="src\NGin\UserInterface\UIElement.cpp">
      <Filter>Source Files</Filter>
    </ClCompile>
    <ClCompile Include="src\NGin\Levels\MainLevel.cpp">
      <Filter>Source Files</Filter>
    </ClCompile>
    <ClCompile Include="src\NGin\Files\FileReader.cpp">
      <Filter>Source Files</Filter>
    </ClCompile>
    <ClCompile Include="src\NGin\RTS\Pathfinding.cpp">
      <Filter>Source Files</Filter>
    </ClCompile>
    <ClCompile Include="src\NGin\Utilities\Bind.cpp">
      <Filter>Source Files</Filter>
    </ClCompile>
    <ClCompile Include="src\NGin\Utilities\Vectors.cpp">
      <Filter>Source Files</Filter>
    </ClCompile>
    <ClCompile Include="src\NGin\UserInterface\ScrollBox.cpp">
      <Filter>Source Files</Filter>
    </ClCompile>
  </ItemGroup>
  <ItemGroup>
    <ClInclude Include="src\NGin\System\Console.h">
      <Filter>Header Files</Filter>
    </ClInclude>
    <ClInclude Include="src\NGin\System\Resources.h">
      <Filter>Header Files</Filter>
    </ClInclude>
    <ClInclude Include="src\NGin\System\Timer.h">
      <Filter>Header Files</Filter>
    </ClInclude>
    <ClInclude Include="src\NGin\Utilities\Align.h">
      <Filter>Header Files</Filter>
    </ClInclude>
    <ClInclude Include="src\NGin\EntryPoint.h">
      <Filter>Header Files</Filter>
    </ClInclude>
    <ClInclude Include="src\NGin.h">
      <Filter>Header Files</Filter>
    </ClInclude>
    <ClInclude Include="src\NGin\Animation\AnimationFile.h">
      <Filter>Header Files</Filter>
    </ClInclude>
    <ClInclude Include="src\NGin\Animation\AnimationRect.h">
      <Filter>Header Files</Filter>
    </ClInclude>
    <ClInclude Include="src\NGin\Audio\Audio.h">
      <Filter>Header Files</Filter>
    </ClInclude>
    <ClInclude Include="src\NGin\UserInterface\Button.h">
      <Filter>Header Files</Filter>
    </ClInclude>
    <ClInclude Include="src\NGin\UserInterface\Cursor.h">
      <Filter>Header Files</Filter>
    </ClInclude>
    <ClInclude Include="src\NGin\UserInterface\Dropdown.h">
      <Filter>Header Files</Filter>
    </ClInclude>
    <ClInclude Include="src\NGin\UserInterface\InputText.h">
      <Filter>Header Files</Filter>
    </ClInclude>
    <ClInclude Include="src\NGin\UserInterface\Slider.h">
      <Filter>Header Files</Filter>
    </ClInclude>
    <ClInclude Include="src\NGin\UserInterface\Switcher.h">
      <Filter>Header Files</Filter>
    </ClInclude>
    <ClInclude Include="src\NGin\UserInterface\UIElement.h">
      <Filter>Header Files</Filter>
    </ClInclude>
    <ClInclude Include="src\NGin\Levels\Level.h">
      <Filter>Header Files</Filter>
    </ClInclude>
    <ClInclude Include="src\NGin\Levels\MainLevel.h">
      <Filter>Header Files</Filter>
    </ClInclude>
    <ClInclude Include="src\NGin\Files\FileReader.h">
      <Filter>Header Files</Filter>
    </ClInclude>
    <ClInclude Include="src\NGin\Files\Json.h">
      <Filter>Header Files</Filter>
    </ClInclude>
    <ClInclude Include="src\NGin\Files\json.hpp">
      <Filter>Header Files</Filter>
    </ClInclude>
    <ClInclude Include="src\NGin\RTS\Pathfinding.h">
      <Filter>Header Files</Filter>
    </ClInclude>
    <ClInclude Include="src\NGin\Utilities\Bind.h">
      <Filter>Header Files</Filter>
    </ClInclude>
    <ClInclude Include="src\NGin\Utilities\Vectors.h">
      <Filter>Header Files</Filter>
    </ClInclude>
    <ClInclude Include="src\NGin\UserInterface\ScrollBox.h">
      <Filter>Header Files</Filter>
    </ClInclude>
  </ItemGroup>
  <ItemGroup>
    <Image Include="assets\styles\warcraft\button.png">
      <Filter>Resource Files</Filter>
    </Image>
    <Image Include="assets\styles\warcraft\cursor.png">
      <Filter>Resource Files</Filter>
    </Image>
    <Image Include="assets\styles\warcraft\dropdown.png">
      <Filter>Resource Files</Filter>
    </Image>
    <Image Include="assets\styles\warcraft\slider.png">
      <Filter>Resource Files</Filter>
    </Image>
    <Image Include="assets\styles\warcraft\sliderbutton.png">
      <Filter>Resource Files</Filter>
    </Image>
    <Image Include="assets\styles\warcraft\switch.png">
      <Filter>Resource Files</Filter>
    </Image>
    <Image Include="assets\styles\warcraft\textholder.png">
      <Filter>Resource Files</Filter>
    </Image>
  </ItemGroup>
</Project>