<?xml version="1.0" encoding="utf-8"?>
<Project ToolsVersion="4.0" xmlns="http://schemas.microsoft.com/developer/msbuild/2003">
  <ItemGroup>
    <Filter Include="Source Files">
      <UniqueIdentifier>{4FC737F1-C7A5-4376-A066-2A32D752A2FF}</UniqueIdentifier>
      <Extensions>cpp;c;cc;cxx;def;odl;idl;hpj;bat;asm;asmx</Extensions>
    </Filter>
    <Filter Include="Header Files">
      <UniqueIdentifier>{93995380-89BD-4b04-88EB-625FBE52EBFB}</UniqueIdentifier>
      <Extensions>h;hh;hpp;hxx;hm;inl;inc;ipp;xsd</Extensions>
    </Filter>
    <Filter Include="Resource Files">
      <UniqueIdentifier>{67DA6AB6-F800-4c08-8B7A-83BB121AAD01}</UniqueIdentifier>
      <Extensions>rc;ico;cur;bmp;dlg;rc2;rct;bin;rgs;gif;jpg;jpeg;jpe;resx;tiff;tif;png;wav;mfcribbon-ms</Extensions>
    </Filter>
    <Filter Include="Source Files\RW">
      <UniqueIdentifier>{260a7ed6-0441-4646-b8eb-1dde5484d0d3}</UniqueIdentifier>
    </Filter>
    <Filter Include="Header Files\RW">
      <UniqueIdentifier>{e0ef848f-16bb-4a1d-acbc-7865218f8334}</UniqueIdentifier>
    </Filter>
    <Filter Include="Source Files\UI">
      <UniqueIdentifier>{bee2cda4-b739-43a4-82dd-763a0158c5e6}</UniqueIdentifier>
    </Filter>
    <Filter Include="Header Files\UI">
      <UniqueIdentifier>{6813584d-221a-4638-a30e-6579541a1219}</UniqueIdentifier>
    </Filter>
  </ItemGroup>
  <ItemGroup>
    <ClCompile Include="includes\RW\Environment.cpp">
      <Filter>Source Files\RW</Filter>
    </ClCompile>
    <ClCompile Include="includes\RW\Loading.cpp">
      <Filter>Source Files\RW</Filter>
    </ClCompile>
    <ClCompile Include="includes\RW\MapReader.cpp">
      <Filter>Source Files\RW</Filter>
    </ClCompile>
    <ClCompile Include="includes\UI\Button.cpp">
      <Filter>Source Files\UI</Filter>
    </ClCompile>
    <ClCompile Include="includes\UI\Cursor.cpp">
      <Filter>Source Files\UI</Filter>
    </ClCompile>
    <ClCompile Include="includes\UI\Dropdown.cpp">
      <Filter>Source Files\UI</Filter>
    </ClCompile>
    <ClCompile Include="includes\UI\MapSelector.cpp">
      <Filter>Source Files\UI</Filter>
    </ClCompile>
    <ClCompile Include="includes\UI\Slider.cpp">
      <Filter>Source Files\UI</Filter>
    </ClCompile>
    <ClCompile Include="includes\UI\Switch.cpp">
      <Filter>Source Files\UI</Filter>
    </ClCompile>
    <ClCompile Include="includes\UI\TextHolder.cpp">
      <Filter>Source Files\UI</Filter>
    </ClCompile>
    <ClCompile Include="main.cpp">
      <Filter>Source Files</Filter>
    </ClCompile>
    <ClCompile Include="includes\Program.cpp">
      <Filter>Source Files</Filter>
    </ClCompile>
    <ClCompile Include="includes\Sections\Toolbar.cpp">
      <Filter>Source Files</Filter>
    </ClCompile>
  </ItemGroup>
  <ItemGroup>
    <None Include="environment.json" />
  </ItemGroup>
  <ItemGroup>
    <ClInclude Include="includes\RW\MapReader.h">
      <Filter>Header Files\RW</Filter>
    </ClInclude>
    <ClInclude Include="includes\RW\Environment.h">
      <Filter>Header Files\RW</Filter>
    </ClInclude>
    <ClInclude Include="includes\RW\Loading.h">
      <Filter>Header Files\RW</Filter>
    </ClInclude>
    <ClInclude Include="includes\UI\TextHolder.h">
      <Filter>Header Files\UI</Filter>
    </ClInclude>
    <ClInclude Include="includes\UI\Button.h">
      <Filter>Header Files\UI</Filter>
    </ClInclude>
    <ClInclude Include="includes\UI\Cursor.h">
      <Filter>Header Files\UI</Filter>
    </ClInclude>
    <ClInclude Include="includes\UI\Dropdown.h">
      <Filter>Header Files\UI</Filter>
    </ClInclude>
    <ClInclude Include="includes\UI\MapSelector.h">
      <Filter>Header Files\UI</Filter>
    </ClInclude>
    <ClInclude Include="includes\UI\Slider.h">
      <Filter>Header Files\UI</Filter>
    </ClInclude>
    <ClInclude Include="includes\UI\Switch.h">
      <Filter>Header Files\UI</Filter>
    </ClInclude>
    <ClInclude Include="includes\Program.h">
      <Filter>Header Files</Filter>
    </ClInclude>
    <ClInclude Include="includes\Sections\Toolbar.h">
      <Filter>Header Files</Filter>
    </ClInclude>
  </ItemGroup>
</Project>